// !$*UTF8*$!
{
	archiveVersion = 1;
	classes = {
	};
	objectVersion = 51;
	objects = {

/* Begin PBXBuildFile section */
		54D33C83269D962F004312B1 /* AppDelegate.swift in Sources */ = {isa = PBXBuildFile; fileRef = 54D33C82269D962F004312B1 /* AppDelegate.swift */; };
		54D33C85269D962F004312B1 /* SceneDelegate.swift in Sources */ = {isa = PBXBuildFile; fileRef = 54D33C84269D962F004312B1 /* SceneDelegate.swift */; };
		54D33C87269D962F004312B1 /* ViewController.swift in Sources */ = {isa = PBXBuildFile; fileRef = 54D33C86269D962F004312B1 /* ViewController.swift */; };
		54D33C8A269D962F004312B1 /* Main.storyboard in Resources */ = {isa = PBXBuildFile; fileRef = 54D33C88269D962F004312B1 /* Main.storyboard */; };
		54D33C8C269D9630004312B1 /* Assets.xcassets in Resources */ = {isa = PBXBuildFile; fileRef = 54D33C8B269D9630004312B1 /* Assets.xcassets */; };
		54D33C8F269D9630004312B1 /* LaunchScreen.storyboard in Resources */ = {isa = PBXBuildFile; fileRef = 54D33C8D269D9630004312B1 /* LaunchScreen.storyboard */; };
		54D33C97269D9DF2004312B1 /* good.json in Resources */ = {isa = PBXBuildFile; fileRef = 54D33C96269D9DF2004312B1 /* good.json */; };
		54D33C99269D9EC9004312B1 /* LottieViewController.swift in Sources */ = {isa = PBXBuildFile; fileRef = 54D33C98269D9EC9004312B1 /* LottieViewController.swift */; };
		FF71C3A0E8A9C7A76EAC55C7 /* Pods_FaceIDLesson.framework in Frameworks */ = {isa = PBXBuildFile; fileRef = EF36492EF26BF89907BDFCDF /* Pods_FaceIDLesson.framework */; };
/* End PBXBuildFile section */

/* Begin PBXFileReference section */
		54D33C7F269D962F004312B1 /* FaceIDLesson.app */ = {isa = PBXFileReference; explicitFileType = wrapper.application; includeInIndex = 0; path = FaceIDLesson.app; sourceTree = BUILT_PRODUCTS_DIR; };
		54D33C82269D962F004312B1 /* AppDelegate.swift */ = {isa = PBXFileReference; lastKnownFileType = sourcecode.swift; path = AppDelegate.swift; sourceTree = "<group>"; };
		54D33C84269D962F004312B1 /* SceneDelegate.swift */ = {isa = PBXFileReference; lastKnownFileType = sourcecode.swift; path = SceneDelegate.swift; sourceTree = "<group>"; };
		54D33C86269D962F004312B1 /* ViewController.swift */ = {isa = PBXFileReference; lastKnownFileType = sourcecode.swift; path = ViewController.swift; sourceTree = "<group>"; };
		54D33C89269D962F004312B1 /* Base */ = {isa = PBXFileReference; lastKnownFileType = file.storyboard; name = Base; path = Base.lproj/Main.storyboard; sourceTree = "<group>"; };
		54D33C8B269D9630004312B1 /* Assets.xcassets */ = {isa = PBXFileReference; lastKnownFileType = folder.assetcatalog; path = Assets.xcassets; sourceTree = "<group>"; };
		54D33C8E269D9630004312B1 /* Base */ = {isa = PBXFileReference; lastKnownFileType = file.storyboard; name = Base; path = Base.lproj/LaunchScreen.storyboard; sourceTree = "<group>"; };
		54D33C90269D9630004312B1 /* Info.plist */ = {isa = PBXFileReference; lastKnownFileType = text.plist.xml; path = Info.plist; sourceTree = "<group>"; };
		54D33C96269D9DF2004312B1 /* good.json */ = {isa = PBXFileReference; fileEncoding = 4; lastKnownFileType = text.json; path = good.json; sourceTree = "<group>"; };
		54D33C98269D9EC9004312B1 /* LottieViewController.swift */ = {isa = PBXFileReference; lastKnownFileType = sourcecode.swift; path = LottieViewController.swift; sourceTree = "<group>"; };
		D77ECCEA0276BFDAD88A3F56 /* Pods-FaceIDLesson.release.xcconfig */ = {isa = PBXFileReference; includeInIndex = 1; lastKnownFileType = text.xcconfig; name = "Pods-FaceIDLesson.release.xcconfig"; path = "Target Support Files/Pods-FaceIDLesson/Pods-FaceIDLesson.release.xcconfig"; sourceTree = "<group>"; };
		E45318266D702096BDB4A7A3 /* Pods-FaceIDLesson.debug.xcconfig */ = {isa = PBXFileReference; includeInIndex = 1; lastKnownFileType = text.xcconfig; name = "Pods-FaceIDLesson.debug.xcconfig"; path = "Target Support Files/Pods-FaceIDLesson/Pods-FaceIDLesson.debug.xcconfig"; sourceTree = "<group>"; };
		EF36492EF26BF89907BDFCDF /* Pods_FaceIDLesson.framework */ = {isa = PBXFileReference; explicitFileType = wrapper.framework; includeInIndex = 0; path = Pods_FaceIDLesson.framework; sourceTree = BUILT_PRODUCTS_DIR; };
/* End PBXFileReference section */

/* Begin PBXFrameworksBuildPhase section */
		54D33C7C269D962F004312B1 /* Frameworks */ = {
			isa = PBXFrameworksBuildPhase;
			buildActionMask = 2147483647;
			files = (
				FF71C3A0E8A9C7A76EAC55C7 /* Pods_FaceIDLesson.framework in Frameworks */,
			);
			runOnlyForDeploymentPostprocessing = 0;
		};
/* End PBXFrameworksBuildPhase section */

/* Begin PBXGroup section */
		54D33C76269D962F004312B1 = {
			isa = PBXGroup;
			children = (
				54D33C81269D962F004312B1 /* FaceIDLesson */,
				54D33C80269D962F004312B1 /* Products */,
				E28BE5240165C00E28B0307D /* Pods */,
				75C6201D2E715FF172439C97 /* Frameworks */,
			);
			sourceTree = "<group>";
		};
		54D33C80269D962F004312B1 /* Products */ = {
			isa = PBXGroup;
			children = (
				54D33C7F269D962F004312B1 /* FaceIDLesson.app */,
			);
			name = Products;
			sourceTree = "<group>";
		};
		54D33C81269D962F004312B1 /* FaceIDLesson */ = {
			isa = PBXGroup;
			children = (
				54D33C82269D962F004312B1 /* AppDelegate.swift */,
				54D33C84269D962F004312B1 /* SceneDelegate.swift */,
				54D33C86269D962F004312B1 /* ViewController.swift */,
				54D33C98269D9EC9004312B1 /* LottieViewController.swift */,
				54D33C88269D962F004312B1 /* Main.storyboard */,
				54D33C8B269D9630004312B1 /* Assets.xcassets */,
				54D33C8D269D9630004312B1 /* LaunchScreen.storyboard */,
				54D33C90269D9630004312B1 /* Info.plist */,
				54D33C96269D9DF2004312B1 /* good.json */,
			);
			path = FaceIDLesson;
			sourceTree = "<group>";
		};
		75C6201D2E715FF172439C97 /* Frameworks */ = {
			isa = PBXGroup;
			children = (
				EF36492EF26BF89907BDFCDF /* Pods_FaceIDLesson.framework */,
			);
			name = Frameworks;
			sourceTree = "<group>";
		};
		E28BE5240165C00E28B0307D /* Pods */ = {
			isa = PBXGroup;
			children = (
				E45318266D702096BDB4A7A3 /* Pods-FaceIDLesson.debug.xcconfig */,
				D77ECCEA0276BFDAD88A3F56 /* Pods-FaceIDLesson.release.xcconfig */,
			);
			path = Pods;
			sourceTree = "<group>";
		};
/* End PBXGroup section */

/* Begin PBXNativeTarget section */
		54D33C7E269D962F004312B1 /* FaceIDLesson */ = {
			isa = PBXNativeTarget;
			buildConfigurationList = 54D33C93269D9630004312B1 /* Build configuration list for PBXNativeTarget "FaceIDLesson" */;
			buildPhases = (
				9D3B7B54F0D66D1B112B0082 /* [CP] Check Pods Manifest.lock */,
				54D33C7B269D962F004312B1 /* Sources */,
				54D33C7C269D962F004312B1 /* Frameworks */,
				54D33C7D269D962F004312B1 /* Resources */,
				D6B1E18D17594AF85E4A993D /* [CP] Embed Pods Frameworks */,
			);
			buildRules = (
			);
			dependencies = (
			);
			name = FaceIDLesson;
			productName = FaceIDLesson;
			productReference = 54D33C7F269D962F004312B1 /* FaceIDLesson.app */;
			productType = "com.apple.product-type.application";
		};
/* End PBXNativeTarget section */

/* Begin PBXProject section */
		54D33C77269D962F004312B1 /* Project object */ = {
			isa = PBXProject;
			attributes = {
				LastSwiftUpdateCheck = 1250;
				LastUpgradeCheck = 1250;
				TargetAttributes = {
					54D33C7E269D962F004312B1 = {
						CreatedOnToolsVersion = 12.5;
					};
				};
			};
			buildConfigurationList = 54D33C7A269D962F004312B1 /* Build configuration list for PBXProject "FaceIDLesson" */;
			compatibilityVersion = "Xcode 9.3";
			developmentRegion = en;
			hasScannedForEncodings = 0;
			knownRegions = (
				en,
				Base,
			);
			mainGroup = 54D33C76269D962F004312B1;
			productRefGroup = 54D33C80269D962F004312B1 /* Products */;
			projectDirPath = "";
			projectRoot = "";
			targets = (
				54D33C7E269D962F004312B1 /* FaceIDLesson */,
			);
		};
/* End PBXProject section */

/* Begin PBXResourcesBuildPhase section */
		54D33C7D269D962F004312B1 /* Resources */ = {
			isa = PBXResourcesBuildPhase;
			buildActionMask = 2147483647;
			files = (
				54D33C8F269D9630004312B1 /* LaunchScreen.storyboard in Resources */,
				54D33C8C269D9630004312B1 /* Assets.xcassets in Resources */,
				54D33C97269D9DF2004312B1 /* good.json in Resources */,
				54D33C8A269D962F004312B1 /* Main.storyboard in Resources */,
			);
			runOnlyForDeploymentPostprocessing = 0;
		};
/* End PBXResourcesBuildPhase section */

/* Begin PBXShellScriptBuildPhase section */
		9D3B7B54F0D66D1B112B0082 /* [CP] Check Pods Manifest.lock */ = {
			isa = PBXShellScriptBuildPhase;
			buildActionMask = 2147483647;
			files = (
			);
			inputFileListPaths = (
			);
			inputPaths = (
				"${PODS_PODFILE_DIR_PATH}/Podfile.lock",
				"${PODS_ROOT}/Manifest.lock",
			);
			name = "[CP] Check Pods Manifest.lock";
			outputFileListPaths = (
			);
			outputPaths = (
				"$(DERIVED_FILE_DIR)/Pods-FaceIDLesson-checkManifestLockResult.txt",
			);
			runOnlyForDeploymentPostprocessing = 0;
			shellPath = /bin/sh;
			shellScript = "diff \"${PODS_PODFILE_DIR_PATH}/Podfile.lock\" \"${PODS_ROOT}/Manifest.lock\" > /dev/null\nif [ $? != 0 ] ; then\n    # print error to STDERR\n    echo \"error: The sandbox is not in sync with the Podfile.lock. Run 'pod install' or update your CocoaPods installation.\" >&2\n    exit 1\nfi\n# This output is used by Xcode 'outputs' to avoid re-running this script phase.\necho \"SUCCESS\" > \"${SCRIPT_OUTPUT_FILE_0}\"\n";
			showEnvVarsInLog = 0;
		};
		D6B1E18D17594AF85E4A993D /* [CP] Embed Pods Frameworks */ = {
			isa = PBXShellScriptBuildPhase;
			buildActionMask = 2147483647;
			files = (
			);
			inputFileListPaths = (
				"${PODS_ROOT}/Target Support Files/Pods-FaceIDLesson/Pods-FaceIDLesson-frameworks-${CONFIGURATION}-input-files.xcfilelist",
			);
			name = "[CP] Embed Pods Frameworks";
			outputFileListPaths = (
				"${PODS_ROOT}/Target Support Files/Pods-FaceIDLesson/Pods-FaceIDLesson-frameworks-${CONFIGURATION}-output-files.xcfilelist",
			);
			runOnlyForDeploymentPostprocessing = 0;
			shellPath = /bin/sh;
			shellScript = "\"${PODS_ROOT}/Target Support Files/Pods-FaceIDLesson/Pods-FaceIDLesson-frameworks.sh\"\n";
			showEnvVarsInLog = 0;
		};
/* End PBXShellScriptBuildPhase section */

/* Begin PBXSourcesBuildPhase section */
		54D33C7B269D962F004312B1 /* Sources */ = {
			isa = PBXSourcesBuildPhase;
			buildActionMask = 2147483647;
			files = (
				54D33C87269D962F004312B1 /* ViewController.swift in Sources */,
				54D33C99269D9EC9004312B1 /* LottieViewController.swift in Sources */,
				54D33C83269D962F004312B1 /* AppDelegate.swift in Sources */,
				54D33C85269D962F004312B1 /* SceneDelegate.swift in Sources */,
			);
			runOnlyForDeploymentPostprocessing = 0;
		};
/* End PBXSourcesBuildPhase section */

/* Begin PBXVariantGroup section */
		54D33C88269D962F004312B1 /* Main.storyboard */ = {
			isa = PBXVariantGroup;
			children = (
				54D33C89269D962F004312B1 /* Base */,
			);
			name = Main.storyboard;
			sourceTree = "<group>";
		};
		54D33C8D269D9630004312B1 /* LaunchScreen.storyboard */ = {
			isa = PBXVariantGroup;
			children = (
				54D33C8E269D9630004312B1 /* Base */,
			);
			name = LaunchScreen.storyboard;
			sourceTree = "<group>";
		};
/* End PBXVariantGroup section */

/* Begin XCBuildConfiguration section */
		54D33C91269D9630004312B1 /* Debug */ = {
			isa = XCBuildConfiguration;
			buildSettings = {
				ALWAYS_SEARCH_USER_PATHS = NO;
				CLANG_ANALYZER_NONNULL = YES;
				CLANG_ANALYZER_NUMBER_OBJECT_CONVERSION = YES_AGGRESSIVE;
				CLANG_CXX_LANGUAGE_STANDARD = "gnu++14";
				CLANG_CXX_LIBRARY = "libc++";
				CLANG_ENABLE_MODULES = YES;
				CLANG_ENABLE_OBJC_ARC = YES;
				CLANG_ENABLE_OBJC_WEAK = YES;
				CLANG_WARN_BLOCK_CAPTURE_AUTORELEASING = YES;
				CLANG_WARN_BOOL_CONVERSION = YES;
				CLANG_WARN_COMMA = YES;
				CLANG_WARN_CONSTANT_CONVERSION = YES;
				CLANG_WARN_DEPRECATED_OBJC_IMPLEMENTATIONS = YES;
				CLANG_WARN_DIRECT_OBJC_ISA_USAGE = YES_ERROR;
				CLANG_WARN_DOCUMENTATION_COMMENTS = YES;
				CLANG_WARN_EMPTY_BODY = YES;
				CLANG_WARN_ENUM_CONVERSION = YES;
				CLANG_WARN_INFINITE_RECURSION = YES;
				CLANG_WARN_INT_CONVERSION = YES;
				CLANG_WARN_NON_LITERAL_NULL_CONVERSION = YES;
				CLANG_WARN_OBJC_IMPLICIT_RETAIN_SELF = YES;
				CLANG_WARN_OBJC_LITERAL_CONVERSION = YES;
				CLANG_WARN_OBJC_ROOT_CLASS = YES_ERROR;
				CLANG_WARN_QUOTED_INCLUDE_IN_FRAMEWORK_HEADER = YES;
				CLANG_WARN_RANGE_LOOP_ANALYSIS = YES;
				CLANG_WARN_STRICT_PROTOTYPES = YES;
				CLANG_WARN_SUSPICIOUS_MOVE = YES;
				CLANG_WARN_UNGUARDED_AVAILABILITY = YES_AGGRESSIVE;
				CLANG_WARN_UNREACHABLE_CODE = YES;
				CLANG_WARN__DUPLICATE_METHOD_MATCH = YES;
				COPY_PHASE_STRIP = NO;
				DEBUG_INFORMATION_FORMAT = dwarf;
				ENABLE_STRICT_OBJC_MSGSEND = YES;
				ENABLE_TESTABILITY = YES;
				GCC_C_LANGUAGE_STANDARD = gnu11;
				GCC_DYNAMIC_NO_PIC = NO;
				GCC_NO_COMMON_BLOCKS = YES;
				GCC_OPTIMIZATION_LEVEL = 0;
				GCC_PREPROCESSOR_DEFINITIONS = (
					"DEBUG=1",
					"$(inherited)",
				);
				GCC_WARN_64_TO_32_BIT_CONVERSION = YES;
				GCC_WARN_ABOUT_RETURN_TYPE = YES_ERROR;
				GCC_WARN_UNDECLARED_SELECTOR = YES;
				GCC_WARN_UNINITIALIZED_AUTOS = YES_AGGRESSIVE;
				GCC_WARN_UNUSED_FUNCTION = YES;
				GCC_WARN_UNUSED_VARIABLE = YES;
				IPHONEOS_DEPLOYMENT_TARGET = 14.5;
				MTL_ENABLE_DEBUG_INFO = INCLUDE_SOURCE;
				MTL_FAST_MATH = YES;
				ONLY_ACTIVE_ARCH = YES;
				SDKROOT = iphoneos;
				SWIFT_ACTIVE_COMPILATION_CONDITIONS = DEBUG;
				SWIFT_OPTIMIZATION_LEVEL = "-Onone";
			};
			name = Debug;
		};
		54D33C92269D9630004312B1 /* Release */ = {
			isa = XCBuildConfiguration;
			buildSettings = {
				ALWAYS_SEARCH_USER_PATHS = NO;
				CLANG_ANALYZER_NONNULL = YES;
				CLANG_ANALYZER_NUMBER_OBJECT_CONVERSION = YES_AGGRESSIVE;
				CLANG_CXX_LANGUAGE_STANDARD = "gnu++14";
				CLANG_CXX_LIBRARY = "libc++";
				CLANG_ENABLE_MODULES = YES;
				CLANG_ENABLE_OBJC_ARC = YES;
				CLANG_ENABLE_OBJC_WEAK = YES;
				CLANG_WARN_BLOCK_CAPTURE_AUTORELEASING = YES;
				CLANG_WARN_BOOL_CONVERSION = YES;
				CLANG_WARN_COMMA = YES;
				CLANG_WARN_CONSTANT_CONVERSION = YES;
				CLANG_WARN_DEPRECATED_OBJC_IMPLEMENTATIONS = YES;
				CLANG_WARN_DIRECT_OBJC_ISA_USAGE = YES_ERROR;
				CLANG_WARN_DOCUMENTATION_COMMENTS = YES;
				CLANG_WARN_EMPTY_BODY = YES;
				CLANG_WARN_ENUM_CONVERSION = YES;
				CLANG_WARN_INFINITE_RECURSION = YES;
				CLANG_WARN_INT_CONVERSION = YES;
				CLANG_WARN_NON_LITERAL_NULL_CONVERSION = YES;
				CLANG_WARN_OBJC_IMPLICIT_RETAIN_SELF = YES;
				CLANG_WARN_OBJC_LITERAL_CONVERSION = YES;
				CLANG_WARN_OBJC_ROOT_CLASS = YES_ERROR;
				CLANG_WARN_QUOTED_INCLUDE_IN_FRAMEWORK_HEADER = YES;
				CLANG_WARN_RANGE_LOOP_ANALYSIS = YES;
				CLANG_WARN_STRICT_PROTOTYPES = YES;
				CLANG_WARN_SUSPICIOUS_MOVE = YES;
				CLANG_WARN_UNGUARDED_AVAILABILITY = YES_AGGRESSIVE;
				CLANG_WARN_UNREACHABLE_CODE = YES;
				CLANG_WARN__DUPLICATE_METHOD_MATCH = YES;
				COPY_PHASE_STRIP = NO;
				DEBUG_INFORMATION_FORMAT = "dwarf-with-dsym";
				ENABLE_NS_ASSERTIONS = NO;
				ENABLE_STRICT_OBJC_MSGSEND = YES;
				GCC_C_LANGUAGE_STANDARD = gnu11;
				GCC_NO_COMMON_BLOCKS = YES;
				GCC_WARN_64_TO_32_BIT_CONVERSION = YES;
				GCC_WARN_ABOUT_RETURN_TYPE = YES_ERROR;
				GCC_WARN_UNDECLARED_SELECTOR = YES;
				GCC_WARN_UNINITIALIZED_AUTOS = YES_AGGRESSIVE;
				GCC_WARN_UNUSED_FUNCTION = YES;
				GCC_WARN_UNUSED_VARIABLE = YES;
				IPHONEOS_DEPLOYMENT_TARGET = 14.5;
				MTL_ENABLE_DEBUG_INFO = NO;
				MTL_FAST_MATH = YES;
				SDKROOT = iphoneos;
				SWIFT_COMPILATION_MODE = wholemodule;
				SWIFT_OPTIMIZATION_LEVEL = "-O";
				VALIDATE_PRODUCT = YES;
			};
			name = Release;
		};
		54D33C94269D9630004312B1 /* Debug */ = {
			isa = XCBuildConfiguration;
			baseConfigurationReference = E45318266D702096BDB4A7A3 /* Pods-FaceIDLesson.debug.xcconfig */;
			buildSettings = {
				ASSETCATALOG_COMPILER_APPICON_NAME = AppIcon;
				ASSETCATALOG_COMPILER_GLOBAL_ACCENT_COLOR_NAME = AccentColor;
				CODE_SIGN_STYLE = Automatic;
				INFOPLIST_FILE = FaceIDLesson/Info.plist;
				LD_RUNPATH_SEARCH_PATHS = (
					"$(inherited)",
					"@executable_path/Frameworks",
				);
				PRODUCT_BUNDLE_IDENTIFIER = com.FaceID.FaceIDLesson;
				PRODUCT_NAME = "$(TARGET_NAME)";
				SWIFT_VERSION = 5.0;
				TARGETED_DEVICE_FAMILY = "1,2";
			};
			name = Debug;
		};
		54D33C95269D9630004312B1 /* Release */ = {
			isa = XCBuildConfiguration;
			baseConfigurationReference = D77ECCEA0276BFDAD88A3F56 /* Pods-FaceIDLesson.release.xcconfig */;
			buildSettings = {
				ASSETCATALOG_COMPILER_APPICON_NAME = AppIcon;
				ASSETCATALOG_COMPILER_GLOBAL_ACCENT_COLOR_NAME = AccentColor;
				CODE_SIGN_STYLE = Automatic;
				INFOPLIST_FILE = FaceIDLesson/Info.plist;
				LD_RUNPATH_SEARCH_PATHS = (
					"$(inherited)",
					"@executable_path/Frameworks",
				);
				PRODUCT_BUNDLE_IDENTIFIER = com.FaceID.FaceIDLesson;
				PRODUCT_NAME = "$(TARGET_NAME)";
				SWIFT_VERSION = 5.0;
				TARGETED_DEVICE_FAMILY = "1,2";
			};
			name = Release;
		};
/* End XCBuildConfiguration section */

/* Begin XCConfigurationList section */
		54D33C7A269D962F004312B1 /* Build configuration list for PBXProject "FaceIDLesson" */ = {
			isa = XCConfigurationList;
			buildConfigurations = (
				54D33C91269D9630004312B1 /* Debug */,
				54D33C92269D9630004312B1 /* Release */,
			);
			defaultConfigurationIsVisible = 0;
			defaultConfigurationName = Release;
		};
		54D33C93269D9630004312B1 /* Build configuration list for PBXNativeTarget "FaceIDLesson" */ = {
			isa = XCConfigurationList;
			buildConfigurations = (
				54D33C94269D9630004312B1 /* Debug */,
				54D33C95269D9630004312B1 /* Release */,
			);
			defaultConfigurationIsVisible = 0;
			defaultConfigurationName = Release;
		};
/* End XCConfigurationList section */
	};
	rootObject = 54D33C77269D962F004312B1 /* Project object */;
}
